
Microsoft Visual Studio Solution File, Format Version 12.00
# Visual Studio Version 16
VisualStudioVersion = 16.0.30907.101
MinimumVisualStudioVersion = 10.0.40219.1
Project("{FAE04EC0-301F-11D3-BF4B-00C04F79EFBC}") = "ChromaticaAPI", "ChromaticaAPI\ChromaticaAPI.csproj", "{3C6CFB1A-D80A-4173-BDBF-71741415C69B}"
EndProject
Global
	GlobalSection(SolutionConfigurationPlatforms) = preSolution
		Debug|Any CPU = Debug|Any CPU
		Release|Any CPU = Release|Any CPU
	EndGlobalSection
	GlobalSection(ProjectConfigurationPlatforms) = postSolution
		{3C6CFB1A-D80A-4173-BDBF-71741415C69B}.Debug|Any CPU.ActiveCfg = Debug|Any CPU
		{3C6CFB1A-D80A-4173-BDBF-71741415C69B}.Debug|Any CPU.Build.0 = Debug|Any CPU
		{3C6CFB1A-D80A-4173-BDBF-71741415C69B}.Release|Any CPU.ActiveCfg = Release|Any CPU
		{3C6CFB1A-D80A-4173-BDBF-71741415C69B}.Release|Any CPU.Build.0 = Release|Any CPU
	EndGlobalSection
	GlobalSection(SolutionProperties) = preSolution
		HideSolutionNode = FALSE
	EndGlobalSection
	GlobalSection(ExtensibilityGlobals) = postSolution
		SolutionGuid = {5E6EE0C1-931C-4E01-96CE-4579E3DE5A0C}
	EndGlobalSection
EndGlobal
